// !$*UTF8*$!
{
	archiveVersion = 1;
	classes = {
	};
	objectVersion = 51;
	objects = {

/* Begin PBXBuildFile section */
		0B3D256FD5EFF169001A4BA6 /* Pods_RonchStore.framework in Frameworks */ = {isa = PBXBuildFile; fileRef = B3BD259218C7A9B5FA6557D1 /* Pods_RonchStore.framework */; };
		6203793A2499BD8C00BAF5FA /* Producto.swift in Sources */ = {isa = PBXBuildFile; fileRef = 620379392499BD8C00BAF5FA /* Producto.swift */; };
		6214753D236AA18D008D4338 /* Connection.swift in Sources */ = {isa = PBXBuildFile; fileRef = 6214753C236AA18D008D4338 /* Connection.swift */; };
		6216E38F24B3306E0085EC70 /* Funciones.swift in Sources */ = {isa = PBXBuildFile; fileRef = 6216E38E24B3306E0085EC70 /* Funciones.swift */; };
		62197CF922E15439007F6F7F /* PedidoAgregarVC.swift in Sources */ = {isa = PBXBuildFile; fileRef = 62197CF822E15439007F6F7F /* PedidoAgregarVC.swift */; };
		62197CFB22E15F40007F6F7F /* PedidosVC.swift in Sources */ = {isa = PBXBuildFile; fileRef = 62197CFA22E15F40007F6F7F /* PedidosVC.swift */; };
		62197CFD22E17637007F6F7F /* Mensajes.swift in Sources */ = {isa = PBXBuildFile; fileRef = 62197CFC22E17637007F6F7F /* Mensajes.swift */; };
		621C6DD622DFEDB0003508EB /* VentasVC.swift in Sources */ = {isa = PBXBuildFile; fileRef = 621C6DD522DFEDB0003508EB /* VentasVC.swift */; };
		621C6DDC22DFFB88003508EB /* VentaAgregarPagoVC.swift in Sources */ = {isa = PBXBuildFile; fileRef = 621C6DDB22DFFB88003508EB /* VentaAgregarPagoVC.swift */; };
		621C6DDE22E0C382003508EB /* Configuraciones.swift in Sources */ = {isa = PBXBuildFile; fileRef = 621C6DDD22E0C382003508EB /* Configuraciones.swift */; };
		622FCA1922D84486000B4239 /* ClienteAgregarVC.swift in Sources */ = {isa = PBXBuildFile; fileRef = 622FCA1822D84486000B4239 /* ClienteAgregarVC.swift */; };
		6235CA9C22D586C00011A330 /* AppDelegate.swift in Sources */ = {isa = PBXBuildFile; fileRef = 6235CA9B22D586C00011A330 /* AppDelegate.swift */; };
		6235CAA122D586C00011A330 /* Main.storyboard in Resources */ = {isa = PBXBuildFile; fileRef = 6235CA9F22D586C00011A330 /* Main.storyboard */; };
		6235CAA322D586C10011A330 /* Assets.xcassets in Resources */ = {isa = PBXBuildFile; fileRef = 6235CAA222D586C10011A330 /* Assets.xcassets */; };
		6235CAA622D586C10011A330 /* LaunchScreen.storyboard in Resources */ = {isa = PBXBuildFile; fileRef = 6235CAA422D586C10011A330 /* LaunchScreen.storyboard */; };
		6235CAB122D586C10011A330 /* RonchStoreTests.swift in Sources */ = {isa = PBXBuildFile; fileRef = 6235CAB022D586C10011A330 /* RonchStoreTests.swift */; };
		6235CABC22D586C10011A330 /* RonchStoreUITests.swift in Sources */ = {isa = PBXBuildFile; fileRef = 6235CABB22D586C10011A330 /* RonchStoreUITests.swift */; };
		623A7E7424996E6600001572 /* DetallesProductoListaVC.swift in Sources */ = {isa = PBXBuildFile; fileRef = 623A7E7324996E6600001572 /* DetallesProductoListaVC.swift */; };
		624FF821232B56EB00641DFD /* ProductosListaVC.swift in Sources */ = {isa = PBXBuildFile; fileRef = 624FF820232B56EB00641DFD /* ProductosListaVC.swift */; };
		6253F36A24BA975A00137F76 /* DetalleDeCobroVC.swift in Sources */ = {isa = PBXBuildFile; fileRef = 6253F36924BA975A00137F76 /* DetalleDeCobroVC.swift */; };
		625579BF2326D765003EB955 /* MarcaVC.swift in Sources */ = {isa = PBXBuildFile; fileRef = 625579BE2326D765003EB955 /* MarcaVC.swift */; };
		6258221B24AD86A600857EB0 /* PagoCell.swift in Sources */ = {isa = PBXBuildFile; fileRef = 6258221A24AD86A600857EB0 /* PagoCell.swift */; };
		6263986522DAE0A90080C243 /* ClientesVC.swift in Sources */ = {isa = PBXBuildFile; fileRef = 6263986422DAE0A90080C243 /* ClientesVC.swift */; };
		626CDFA2233287D7006687DF /* PagosListaVC.swift in Sources */ = {isa = PBXBuildFile; fileRef = 626CDFA1233287D7006687DF /* PagosListaVC.swift */; };
		626E685B24A1785900E8AC55 /* ProductoDescuentoVC.swift in Sources */ = {isa = PBXBuildFile; fileRef = 626E685A24A1785900E8AC55 /* ProductoDescuentoVC.swift */; };
		626E685F24A1BDDF00E8AC55 /* VentaProductoCell.swift in Sources */ = {isa = PBXBuildFile; fileRef = 626E685E24A1BDDF00E8AC55 /* VentaProductoCell.swift */; };
		626FFB05232A9A1E00A445DA /* TallaVC.swift in Sources */ = {isa = PBXBuildFile; fileRef = 626FFB04232A9A1E00A445DA /* TallaVC.swift */; };
		626FFB07232ADF2F00A445DA /* CategoriaVC.swift in Sources */ = {isa = PBXBuildFile; fileRef = 626FFB06232ADF2F00A445DA /* CategoriaVC.swift */; };
		6271EF9623711EB700BCA3AE /* Datos.swift in Sources */ = {isa = PBXBuildFile; fileRef = 6271EF9523711EB700BCA3AE /* Datos.swift */; };
		6275292022DE0342002C480C /* ProductoAgregarVC.swift in Sources */ = {isa = PBXBuildFile; fileRef = 6275291F22DE0342002C480C /* ProductoAgregarVC.swift */; };
		6275292222DE0B9B002C480C /* ProductosVC.swift in Sources */ = {isa = PBXBuildFile; fileRef = 6275292122DE0B9B002C480C /* ProductosVC.swift */; };
		62793FB422DE40B600D2323C /* VentaAgregarVC.swift in Sources */ = {isa = PBXBuildFile; fileRef = 62793FB322DE40B600D2323C /* VentaAgregarVC.swift */; };
		627CDF4E22D820B10003EF15 /* InicioSesionVC.swift in Sources */ = {isa = PBXBuildFile; fileRef = 627CDF4D22D820B10003EF15 /* InicioSesionVC.swift */; };
		627CDF5022D824E40003EF15 /* GoogleService-Info.plist in Resources */ = {isa = PBXBuildFile; fileRef = 627CDF4F22D824E40003EF15 /* GoogleService-Info.plist */; };
		627E259A24B03CD300A36147 /* Alerta.swift in Sources */ = {isa = PBXBuildFile; fileRef = 627E259924B03CD300A36147 /* Alerta.swift */; };
		6283B51524A701E600C421E7 /* PagoNuevoVC.swift in Sources */ = {isa = PBXBuildFile; fileRef = 6283B51424A701E600C421E7 /* PagoNuevoVC.swift */; };
		628A229524818FAA008E23B0 /* Contacto.swift in Sources */ = {isa = PBXBuildFile; fileRef = 628A229424818FAA008E23B0 /* Contacto.swift */; };
		628A229B248190A5008E23B0 /* ClienteContactosSistemaVC.swift in Sources */ = {isa = PBXBuildFile; fileRef = 628A229A248190A5008E23B0 /* ClienteContactosSistemaVC.swift */; };
		628E2D3F24536AC4000EDF93 /* ReportesVC.swift in Sources */ = {isa = PBXBuildFile; fileRef = 628E2D3E24536AC4000EDF93 /* ReportesVC.swift */; };
		6296ECEB2461DEC200A7F597 /* GastoVC.swift in Sources */ = {isa = PBXBuildFile; fileRef = 6296ECEA2461DEC200A7F597 /* GastoVC.swift */; };
		62A1727E2497E21000CCA9DA /* MapaVC.swift in Sources */ = {isa = PBXBuildFile; fileRef = 62A1727D2497E21000CCA9DA /* MapaVC.swift */; };
		62A5D9B72334740C00A58A6F /* UsuariosVC.swift in Sources */ = {isa = PBXBuildFile; fileRef = 62A5D9B62334740C00A58A6F /* UsuariosVC.swift */; };
		62A5D9B923348CE000A58A6F /* VentasListadoCobradorVC.swift in Sources */ = {isa = PBXBuildFile; fileRef = 62A5D9B823348CE000A58A6F /* VentasListadoCobradorVC.swift */; };
		62A5D9BB233496CF00A58A6F /* ClienteUbicacionVC.swift in Sources */ = {isa = PBXBuildFile; fileRef = 62A5D9BA233496CF00A58A6F /* ClienteUbicacionVC.swift */; };
		62B266DA23341E06001DC5A2 /* ProductosVentaVC.swift in Sources */ = {isa = PBXBuildFile; fileRef = 62B266D923341E06001DC5A2 /* ProductosVentaVC.swift */; };
		62B47A5C24AED7F7009666DD /* Theme.swift in Sources */ = {isa = PBXBuildFile; fileRef = 62B47A5B24AED7F7009666DD /* Theme.swift */; };
		62CC2AF322E97F220042BE2D /* Mapas.swift in Sources */ = {isa = PBXBuildFile; fileRef = 62CC2AF222E97F220042BE2D /* Mapas.swift */; };
		62E5B32A22E2D9180080A4A0 /* TextFieldDeletage.swift in Sources */ = {isa = PBXBuildFile; fileRef = 62E5B32922E2D9180080A4A0 /* TextFieldDeletage.swift */; };
		62E64AB92373601700DC7C2D /* ListasVC.swift in Sources */ = {isa = PBXBuildFile; fileRef = 62E64AB82373601700DC7C2D /* ListasVC.swift */; };
		62E64ABB2373662E00DC7C2D /* ListaAgregarVC.swift in Sources */ = {isa = PBXBuildFile; fileRef = 62E64ABA2373662E00DC7C2D /* ListaAgregarVC.swift */; };
		62EADFC9232B177100E49BA6 /* ClienteVC.swift in Sources */ = {isa = PBXBuildFile; fileRef = 62EADFC8232B177100E49BA6 /* ClienteVC.swift */; };
		62FC219523668BB90022690C /* VentaCell.swift in Sources */ = {isa = PBXBuildFile; fileRef = 62FC219423668BB90022690C /* VentaCell.swift */; };
		62FC219723669A0F0022690C /* ProductoCell.swift in Sources */ = {isa = PBXBuildFile; fileRef = 62FC219623669A0F0022690C /* ProductoCell.swift */; };
		62FC21992366A0FC0022690C /* ProductoCompletoCell.swift in Sources */ = {isa = PBXBuildFile; fileRef = 62FC21982366A0FC0022690C /* ProductoCompletoCell.swift */; };
		D0182B030A549135EAEED511 /* Pods_RonchStoreUITests.framework in Frameworks */ = {isa = PBXBuildFile; fileRef = 7CA3BD75B649D3F72D658339 /* Pods_RonchStoreUITests.framework */; };
		DA1F07C9839C1BE5DA731CFD /* Pods_RonchStoreTests.framework in Frameworks */ = {isa = PBXBuildFile; fileRef = F210DFBF20F77E9BC947F7E4 /* Pods_RonchStoreTests.framework */; };
/* End PBXBuildFile section */

/* Begin PBXContainerItemProxy section */
		6235CAAD22D586C10011A330 /* PBXContainerItemProxy */ = {
			isa = PBXContainerItemProxy;
			containerPortal = 6235CA9022D586C00011A330 /* Project object */;
			proxyType = 1;
			remoteGlobalIDString = 6235CA9722D586C00011A330;
			remoteInfo = RonchStore;
		};
		6235CAB822D586C10011A330 /* PBXContainerItemProxy */ = {
			isa = PBXContainerItemProxy;
			containerPortal = 6235CA9022D586C00011A330 /* Project object */;
			proxyType = 1;
			remoteGlobalIDString = 6235CA9722D586C00011A330;
			remoteInfo = RonchStore;
		};
/* End PBXContainerItemProxy section */

/* Begin PBXFileReference section */
		620379392499BD8C00BAF5FA /* Producto.swift */ = {isa = PBXFileReference; lastKnownFileType = sourcecode.swift; path = Producto.swift; sourceTree = "<group>"; };
		6214753C236AA18D008D4338 /* Connection.swift */ = {isa = PBXFileReference; lastKnownFileType = sourcecode.swift; path = Connection.swift; sourceTree = "<group>"; };
		6216E38E24B3306E0085EC70 /* Funciones.swift */ = {isa = PBXFileReference; lastKnownFileType = sourcecode.swift; path = Funciones.swift; sourceTree = "<group>"; };
		62197CF822E15439007F6F7F /* PedidoAgregarVC.swift */ = {isa = PBXFileReference; lastKnownFileType = sourcecode.swift; path = PedidoAgregarVC.swift; sourceTree = "<group>"; };
		62197CFA22E15F40007F6F7F /* PedidosVC.swift */ = {isa = PBXFileReference; lastKnownFileType = sourcecode.swift; path = PedidosVC.swift; sourceTree = "<group>"; };
		62197CFC22E17637007F6F7F /* Mensajes.swift */ = {isa = PBXFileReference; lastKnownFileType = sourcecode.swift; path = Mensajes.swift; sourceTree = "<group>"; };
		621C6DD522DFEDB0003508EB /* VentasVC.swift */ = {isa = PBXFileReference; lastKnownFileType = sourcecode.swift; path = VentasVC.swift; sourceTree = "<group>"; };
		621C6DDB22DFFB88003508EB /* VentaAgregarPagoVC.swift */ = {isa = PBXFileReference; lastKnownFileType = sourcecode.swift; path = VentaAgregarPagoVC.swift; sourceTree = "<group>"; };
		621C6DDD22E0C382003508EB /* Configuraciones.swift */ = {isa = PBXFileReference; lastKnownFileType = sourcecode.swift; path = Configuraciones.swift; sourceTree = "<group>"; };
		622FCA1822D84486000B4239 /* ClienteAgregarVC.swift */ = {isa = PBXFileReference; lastKnownFileType = sourcecode.swift; path = ClienteAgregarVC.swift; sourceTree = "<group>"; };
		6235CA9822D586C00011A330 /* RonchStore.app */ = {isa = PBXFileReference; explicitFileType = wrapper.application; includeInIndex = 0; path = RonchStore.app; sourceTree = BUILT_PRODUCTS_DIR; };
		6235CA9B22D586C00011A330 /* AppDelegate.swift */ = {isa = PBXFileReference; lastKnownFileType = sourcecode.swift; path = AppDelegate.swift; sourceTree = "<group>"; };
		6235CAA022D586C00011A330 /* Base */ = {isa = PBXFileReference; lastKnownFileType = file.storyboard; name = Base; path = Base.lproj/Main.storyboard; sourceTree = "<group>"; };
		6235CAA222D586C10011A330 /* Assets.xcassets */ = {isa = PBXFileReference; lastKnownFileType = folder.assetcatalog; path = Assets.xcassets; sourceTree = "<group>"; };
		6235CAA522D586C10011A330 /* Base */ = {isa = PBXFileReference; lastKnownFileType = file.storyboard; name = Base; path = Base.lproj/LaunchScreen.storyboard; sourceTree = "<group>"; };
		6235CAA722D586C10011A330 /* Info.plist */ = {isa = PBXFileReference; lastKnownFileType = text.plist.xml; path = Info.plist; sourceTree = "<group>"; };
		6235CAAC22D586C10011A330 /* RonchStoreTests.xctest */ = {isa = PBXFileReference; explicitFileType = wrapper.cfbundle; includeInIndex = 0; path = RonchStoreTests.xctest; sourceTree = BUILT_PRODUCTS_DIR; };
		6235CAB022D586C10011A330 /* RonchStoreTests.swift */ = {isa = PBXFileReference; lastKnownFileType = sourcecode.swift; path = RonchStoreTests.swift; sourceTree = "<group>"; };
		6235CAB222D586C10011A330 /* Info.plist */ = {isa = PBXFileReference; lastKnownFileType = text.plist.xml; path = Info.plist; sourceTree = "<group>"; };
		6235CAB722D586C10011A330 /* RonchStoreUITests.xctest */ = {isa = PBXFileReference; explicitFileType = wrapper.cfbundle; includeInIndex = 0; path = RonchStoreUITests.xctest; sourceTree = BUILT_PRODUCTS_DIR; };
		6235CABB22D586C10011A330 /* RonchStoreUITests.swift */ = {isa = PBXFileReference; lastKnownFileType = sourcecode.swift; path = RonchStoreUITests.swift; sourceTree = "<group>"; };
		6235CABD22D586C10011A330 /* Info.plist */ = {isa = PBXFileReference; lastKnownFileType = text.plist.xml; path = Info.plist; sourceTree = "<group>"; };
		623A7E7324996E6600001572 /* DetallesProductoListaVC.swift */ = {isa = PBXFileReference; lastKnownFileType = sourcecode.swift; path = DetallesProductoListaVC.swift; sourceTree = "<group>"; };
		624FF820232B56EB00641DFD /* ProductosListaVC.swift */ = {isa = PBXFileReference; lastKnownFileType = sourcecode.swift; path = ProductosListaVC.swift; sourceTree = "<group>"; };
		6253F36924BA975A00137F76 /* DetalleDeCobroVC.swift */ = {isa = PBXFileReference; lastKnownFileType = sourcecode.swift; path = DetalleDeCobroVC.swift; sourceTree = "<group>"; };
		625579BE2326D765003EB955 /* MarcaVC.swift */ = {isa = PBXFileReference; lastKnownFileType = sourcecode.swift; path = MarcaVC.swift; sourceTree = "<group>"; };
		6258221A24AD86A600857EB0 /* PagoCell.swift */ = {isa = PBXFileReference; lastKnownFileType = sourcecode.swift; path = PagoCell.swift; sourceTree = "<group>"; };
		6263986422DAE0A90080C243 /* ClientesVC.swift */ = {isa = PBXFileReference; lastKnownFileType = sourcecode.swift; path = ClientesVC.swift; sourceTree = "<group>"; };
		626CDFA1233287D7006687DF /* PagosListaVC.swift */ = {isa = PBXFileReference; lastKnownFileType = sourcecode.swift; path = PagosListaVC.swift; sourceTree = "<group>"; };
		626E685A24A1785900E8AC55 /* ProductoDescuentoVC.swift */ = {isa = PBXFileReference; lastKnownFileType = sourcecode.swift; path = ProductoDescuentoVC.swift; sourceTree = "<group>"; };
		626E685E24A1BDDF00E8AC55 /* VentaProductoCell.swift */ = {isa = PBXFileReference; lastKnownFileType = sourcecode.swift; path = VentaProductoCell.swift; sourceTree = "<group>"; };
		626FFB04232A9A1E00A445DA /* TallaVC.swift */ = {isa = PBXFileReference; lastKnownFileType = sourcecode.swift; path = TallaVC.swift; sourceTree = "<group>"; };
		626FFB06232ADF2F00A445DA /* CategoriaVC.swift */ = {isa = PBXFileReference; lastKnownFileType = sourcecode.swift; path = CategoriaVC.swift; sourceTree = "<group>"; };
		6271EF9523711EB700BCA3AE /* Datos.swift */ = {isa = PBXFileReference; lastKnownFileType = sourcecode.swift; path = Datos.swift; sourceTree = "<group>"; };
		6275291F22DE0342002C480C /* ProductoAgregarVC.swift */ = {isa = PBXFileReference; lastKnownFileType = sourcecode.swift; path = ProductoAgregarVC.swift; sourceTree = "<group>"; };
		6275292122DE0B9B002C480C /* ProductosVC.swift */ = {isa = PBXFileReference; lastKnownFileType = sourcecode.swift; path = ProductosVC.swift; sourceTree = "<group>"; };
		62793FB322DE40B600D2323C /* VentaAgregarVC.swift */ = {isa = PBXFileReference; lastKnownFileType = sourcecode.swift; path = VentaAgregarVC.swift; sourceTree = "<group>"; };
		627CDF4D22D820B10003EF15 /* InicioSesionVC.swift */ = {isa = PBXFileReference; lastKnownFileType = sourcecode.swift; path = InicioSesionVC.swift; sourceTree = "<group>"; };
		627CDF4F22D824E40003EF15 /* GoogleService-Info.plist */ = {isa = PBXFileReference; fileEncoding = 4; lastKnownFileType = text.plist.xml; path = "GoogleService-Info.plist"; sourceTree = "<group>"; };
		627E259924B03CD300A36147 /* Alerta.swift */ = {isa = PBXFileReference; lastKnownFileType = sourcecode.swift; path = Alerta.swift; sourceTree = "<group>"; };
		6283B51424A701E600C421E7 /* PagoNuevoVC.swift */ = {isa = PBXFileReference; lastKnownFileType = sourcecode.swift; path = PagoNuevoVC.swift; sourceTree = "<group>"; };
		628A229424818FAA008E23B0 /* Contacto.swift */ = {isa = PBXFileReference; lastKnownFileType = sourcecode.swift; path = Contacto.swift; sourceTree = "<group>"; };
		628A229A248190A5008E23B0 /* ClienteContactosSistemaVC.swift */ = {isa = PBXFileReference; lastKnownFileType = sourcecode.swift; path = ClienteContactosSistemaVC.swift; sourceTree = "<group>"; };
		628E2D3E24536AC4000EDF93 /* ReportesVC.swift */ = {isa = PBXFileReference; lastKnownFileType = sourcecode.swift; path = ReportesVC.swift; sourceTree = "<group>"; };
		6296ECEA2461DEC200A7F597 /* GastoVC.swift */ = {isa = PBXFileReference; lastKnownFileType = sourcecode.swift; path = GastoVC.swift; sourceTree = "<group>"; };
		62A1727D2497E21000CCA9DA /* MapaVC.swift */ = {isa = PBXFileReference; lastKnownFileType = sourcecode.swift; path = MapaVC.swift; sourceTree = "<group>"; };
		62A5D9B62334740C00A58A6F /* UsuariosVC.swift */ = {isa = PBXFileReference; lastKnownFileType = sourcecode.swift; path = UsuariosVC.swift; sourceTree = "<group>"; };
		62A5D9B823348CE000A58A6F /* VentasListadoCobradorVC.swift */ = {isa = PBXFileReference; lastKnownFileType = sourcecode.swift; path = VentasListadoCobradorVC.swift; sourceTree = "<group>"; };
		62A5D9BA233496CF00A58A6F /* ClienteUbicacionVC.swift */ = {isa = PBXFileReference; lastKnownFileType = sourcecode.swift; path = ClienteUbicacionVC.swift; sourceTree = "<group>"; };
		62B266D923341E06001DC5A2 /* ProductosVentaVC.swift */ = {isa = PBXFileReference; lastKnownFileType = sourcecode.swift; path = ProductosVentaVC.swift; sourceTree = "<group>"; };
		62B47A5B24AED7F7009666DD /* Theme.swift */ = {isa = PBXFileReference; lastKnownFileType = sourcecode.swift; path = Theme.swift; sourceTree = "<group>"; };
		62CC2AF222E97F220042BE2D /* Mapas.swift */ = {isa = PBXFileReference; lastKnownFileType = sourcecode.swift; path = Mapas.swift; sourceTree = "<group>"; };
		62E5B32922E2D9180080A4A0 /* TextFieldDeletage.swift */ = {isa = PBXFileReference; lastKnownFileType = sourcecode.swift; path = TextFieldDeletage.swift; sourceTree = "<group>"; };
		62E64AB82373601700DC7C2D /* ListasVC.swift */ = {isa = PBXFileReference; lastKnownFileType = sourcecode.swift; path = ListasVC.swift; sourceTree = "<group>"; };
		62E64ABA2373662E00DC7C2D /* ListaAgregarVC.swift */ = {isa = PBXFileReference; lastKnownFileType = sourcecode.swift; path = ListaAgregarVC.swift; sourceTree = "<group>"; };
		62EADFC8232B177100E49BA6 /* ClienteVC.swift */ = {isa = PBXFileReference; lastKnownFileType = sourcecode.swift; path = ClienteVC.swift; sourceTree = "<group>"; };
		62FC219423668BB90022690C /* VentaCell.swift */ = {isa = PBXFileReference; lastKnownFileType = sourcecode.swift; path = VentaCell.swift; sourceTree = "<group>"; };
		62FC219623669A0F0022690C /* ProductoCell.swift */ = {isa = PBXFileReference; lastKnownFileType = sourcecode.swift; path = ProductoCell.swift; sourceTree = "<group>"; };
		62FC21982366A0FC0022690C /* ProductoCompletoCell.swift */ = {isa = PBXFileReference; lastKnownFileType = sourcecode.swift; path = ProductoCompletoCell.swift; sourceTree = "<group>"; };
		7CA3BD75B649D3F72D658339 /* Pods_RonchStoreUITests.framework */ = {isa = PBXFileReference; explicitFileType = wrapper.framework; includeInIndex = 0; path = Pods_RonchStoreUITests.framework; sourceTree = BUILT_PRODUCTS_DIR; };
		89E753627CFEEE535D2D18E5 /* Pods-RonchStoreTests.release.xcconfig */ = {isa = PBXFileReference; includeInIndex = 1; lastKnownFileType = text.xcconfig; name = "Pods-RonchStoreTests.release.xcconfig"; path = "Target Support Files/Pods-RonchStoreTests/Pods-RonchStoreTests.release.xcconfig"; sourceTree = "<group>"; };
		9A03C7916F3FFE42EBF51093 /* Pods-RonchStore.debug.xcconfig */ = {isa = PBXFileReference; includeInIndex = 1; lastKnownFileType = text.xcconfig; name = "Pods-RonchStore.debug.xcconfig"; path = "Target Support Files/Pods-RonchStore/Pods-RonchStore.debug.xcconfig"; sourceTree = "<group>"; };
		ACCB5330A62E0F94DDCC0F57 /* Pods-RonchStoreUITests.release.xcconfig */ = {isa = PBXFileReference; includeInIndex = 1; lastKnownFileType = text.xcconfig; name = "Pods-RonchStoreUITests.release.xcconfig"; path = "Target Support Files/Pods-RonchStoreUITests/Pods-RonchStoreUITests.release.xcconfig"; sourceTree = "<group>"; };
		B3BD259218C7A9B5FA6557D1 /* Pods_RonchStore.framework */ = {isa = PBXFileReference; explicitFileType = wrapper.framework; includeInIndex = 0; path = Pods_RonchStore.framework; sourceTree = BUILT_PRODUCTS_DIR; };
		B6296FDDB1307AC2CEAB2F15 /* Pods-RonchStore.release.xcconfig */ = {isa = PBXFileReference; includeInIndex = 1; lastKnownFileType = text.xcconfig; name = "Pods-RonchStore.release.xcconfig"; path = "Target Support Files/Pods-RonchStore/Pods-RonchStore.release.xcconfig"; sourceTree = "<group>"; };
		CD06821E79536EC8195D54F0 /* Pods-RonchStoreUITests.debug.xcconfig */ = {isa = PBXFileReference; includeInIndex = 1; lastKnownFileType = text.xcconfig; name = "Pods-RonchStoreUITests.debug.xcconfig"; path = "Target Support Files/Pods-RonchStoreUITests/Pods-RonchStoreUITests.debug.xcconfig"; sourceTree = "<group>"; };
		E49E994DE35764D62FAC8EC0 /* Pods-RonchStoreTests.debug.xcconfig */ = {isa = PBXFileReference; includeInIndex = 1; lastKnownFileType = text.xcconfig; name = "Pods-RonchStoreTests.debug.xcconfig"; path = "Target Support Files/Pods-RonchStoreTests/Pods-RonchStoreTests.debug.xcconfig"; sourceTree = "<group>"; };
		F210DFBF20F77E9BC947F7E4 /* Pods_RonchStoreTests.framework */ = {isa = PBXFileReference; explicitFileType = wrapper.framework; includeInIndex = 0; path = Pods_RonchStoreTests.framework; sourceTree = BUILT_PRODUCTS_DIR; };
/* End PBXFileReference section */

/* Begin PBXFrameworksBuildPhase section */
		6235CA9522D586C00011A330 /* Frameworks */ = {
			isa = PBXFrameworksBuildPhase;
			buildActionMask = 2147483647;
			files = (
				0B3D256FD5EFF169001A4BA6 /* Pods_RonchStore.framework in Frameworks */,
			);
			runOnlyForDeploymentPostprocessing = 0;
		};
		6235CAA922D586C10011A330 /* Frameworks */ = {
			isa = PBXFrameworksBuildPhase;
			buildActionMask = 2147483647;
			files = (
				DA1F07C9839C1BE5DA731CFD /* Pods_RonchStoreTests.framework in Frameworks */,
			);
			runOnlyForDeploymentPostprocessing = 0;
		};
		6235CAB422D586C10011A330 /* Frameworks */ = {
			isa = PBXFrameworksBuildPhase;
			buildActionMask = 2147483647;
			files = (
				D0182B030A549135EAEED511 /* Pods_RonchStoreUITests.framework in Frameworks */,
			);
			runOnlyForDeploymentPostprocessing = 0;
		};
/* End PBXFrameworksBuildPhase section */

/* Begin PBXGroup section */
		0955244F3BAE8CFCC31B5276 /* Frameworks */ = {
			isa = PBXGroup;
			children = (
				B3BD259218C7A9B5FA6557D1 /* Pods_RonchStore.framework */,
				F210DFBF20F77E9BC947F7E4 /* Pods_RonchStoreTests.framework */,
				7CA3BD75B649D3F72D658339 /* Pods_RonchStoreUITests.framework */,
			);
			name = Frameworks;
			sourceTree = "<group>";
		};
		6235CA8F22D586C00011A330 = {
			isa = PBXGroup;
			children = (
				6235CA9A22D586C00011A330 /* RonchStore */,
				6235CAAF22D586C10011A330 /* RonchStoreTests */,
				6235CABA22D586C10011A330 /* RonchStoreUITests */,
				6235CA9922D586C00011A330 /* Products */,
				72FC30D3CEE1E87C27B374F0 /* Pods */,
				0955244F3BAE8CFCC31B5276 /* Frameworks */,
			);
			sourceTree = "<group>";
		};
		6235CA9922D586C00011A330 /* Products */ = {
			isa = PBXGroup;
			children = (
				6235CA9822D586C00011A330 /* RonchStore.app */,
				6235CAAC22D586C10011A330 /* RonchStoreTests.xctest */,
				6235CAB722D586C10011A330 /* RonchStoreUITests.xctest */,
			);
			name = Products;
			sourceTree = "<group>";
		};
		6235CA9A22D586C00011A330 /* RonchStore */ = {
			isa = PBXGroup;
			children = (
				627E259824B03CB600A36147 /* Funciones */,
				6271EF9423711E9D00BCA3AE /* Modelo */,
				6235CACE22D58E2B0011A330 /* Vista */,
				6235CACD22D58E1A0011A330 /* Controlador */,
				6235CA9B22D586C00011A330 /* AppDelegate.swift */,
				6235CAA222D586C10011A330 /* Assets.xcassets */,
				6235CAA722D586C10011A330 /* Info.plist */,
				627CDF4F22D824E40003EF15 /* GoogleService-Info.plist */,
				6214753C236AA18D008D4338 /* Connection.swift */,
			);
			path = RonchStore;
			sourceTree = "<group>";
		};
		6235CAAF22D586C10011A330 /* RonchStoreTests */ = {
			isa = PBXGroup;
			children = (
				6235CAB022D586C10011A330 /* RonchStoreTests.swift */,
				6235CAB222D586C10011A330 /* Info.plist */,
			);
			path = RonchStoreTests;
			sourceTree = "<group>";
		};
		6235CABA22D586C10011A330 /* RonchStoreUITests */ = {
			isa = PBXGroup;
			children = (
				6235CABB22D586C10011A330 /* RonchStoreUITests.swift */,
				6235CABD22D586C10011A330 /* Info.plist */,
			);
			path = RonchStoreUITests;
			sourceTree = "<group>";
		};
		6235CACD22D58E1A0011A330 /* Controlador */ = {
			isa = PBXGroup;
			children = (
				6296ECE92461DDFE00A7F597 /* Gastos */,
				628E2D3D245369EA000EDF93 /* Reportes */,
				62E64AB723735FE500DC7C2D /* Listas */,
				62A5D9B5233473F500A58A6F /* Usuarios */,
				626CDFA0233287B1006687DF /* Pagos */,
				62EADFCD232B21B200E49BA6 /* Ventas */,
				62EADFCC232B214100E49BA6 /* Productos */,
				62EADFCB232B1E6700E49BA6 /* Clientes */,
				627CDF4D22D820B10003EF15 /* InicioSesionVC.swift */,
				621C6DDB22DFFB88003508EB /* VentaAgregarPagoVC.swift */,
				621C6DDD22E0C382003508EB /* Configuraciones.swift */,
				62197CF822E15439007F6F7F /* PedidoAgregarVC.swift */,
				62197CFA22E15F40007F6F7F /* PedidosVC.swift */,
				62197CFC22E17637007F6F7F /* Mensajes.swift */,
				62E5B32922E2D9180080A4A0 /* TextFieldDeletage.swift */,
				62CC2AF222E97F220042BE2D /* Mapas.swift */,
				625579BE2326D765003EB955 /* MarcaVC.swift */,
				626FFB04232A9A1E00A445DA /* TallaVC.swift */,
				626FFB06232ADF2F00A445DA /* CategoriaVC.swift */,
				623A7E7324996E6600001572 /* DetallesProductoListaVC.swift */,
			);
			path = Controlador;
			sourceTree = "<group>";
		};
		6235CACE22D58E2B0011A330 /* Vista */ = {
			isa = PBXGroup;
			children = (
				6235CA9F22D586C00011A330 /* Main.storyboard */,
				6235CAA422D586C10011A330 /* LaunchScreen.storyboard */,
				62B47A5B24AED7F7009666DD /* Theme.swift */,
			);
			path = Vista;
			sourceTree = "<group>";
		};
		626CDFA0233287B1006687DF /* Pagos */ = {
			isa = PBXGroup;
			children = (
				626CDFA1233287D7006687DF /* PagosListaVC.swift */,
				6283B51424A701E600C421E7 /* PagoNuevoVC.swift */,
				6258221A24AD86A600857EB0 /* PagoCell.swift */,
			);
			path = Pagos;
			sourceTree = "<group>";
		};
		6271EF9423711E9D00BCA3AE /* Modelo */ = {
			isa = PBXGroup;
			children = (
				6271EF9523711EB700BCA3AE /* Datos.swift */,
				627E259924B03CD300A36147 /* Alerta.swift */,
				6216E38E24B3306E0085EC70 /* Funciones.swift */,
			);
			path = Modelo;
			sourceTree = "<group>";
		};
		627E259824B03CB600A36147 /* Funciones */ = {
			isa = PBXGroup;
			children = (
			);
			path = Funciones;
			sourceTree = "<group>";
		};
		628E2D3D245369EA000EDF93 /* Reportes */ = {
			isa = PBXGroup;
			children = (
				628E2D3E24536AC4000EDF93 /* ReportesVC.swift */,
			);
			path = Reportes;
			sourceTree = "<group>";
		};
		6296ECE92461DDFE00A7F597 /* Gastos */ = {
			isa = PBXGroup;
			children = (
				6296ECEA2461DEC200A7F597 /* GastoVC.swift */,
			);
			path = Gastos;
			sourceTree = "<group>";
		};
		62A5D9B5233473F500A58A6F /* Usuarios */ = {
			isa = PBXGroup;
			children = (
				62A5D9B62334740C00A58A6F /* UsuariosVC.swift */,
				62A5D9B823348CE000A58A6F /* VentasListadoCobradorVC.swift */,
			);
			path = Usuarios;
			sourceTree = "<group>";
		};
		62E64AB723735FE500DC7C2D /* Listas */ = {
			isa = PBXGroup;
			children = (
				62E64AB82373601700DC7C2D /* ListasVC.swift */,
				62E64ABA2373662E00DC7C2D /* ListaAgregarVC.swift */,
			);
			path = Listas;
			sourceTree = "<group>";
		};
		62EADFCB232B1E6700E49BA6 /* Clientes */ = {
			isa = PBXGroup;
			children = (
				62A5D9BA233496CF00A58A6F /* ClienteUbicacionVC.swift */,
				62EADFC8232B177100E49BA6 /* ClienteVC.swift */,
				622FCA1822D84486000B4239 /* ClienteAgregarVC.swift */,
				6263986422DAE0A90080C243 /* ClientesVC.swift */,
				628A229424818FAA008E23B0 /* Contacto.swift */,
				628A229A248190A5008E23B0 /* ClienteContactosSistemaVC.swift */,
				62A1727D2497E21000CCA9DA /* MapaVC.swift */,
			);
			path = Clientes;
			sourceTree = "<group>";
		};
		62EADFCC232B214100E49BA6 /* Productos */ = {
			isa = PBXGroup;
			children = (
				6275291F22DE0342002C480C /* ProductoAgregarVC.swift */,
				6275292122DE0B9B002C480C /* ProductosVC.swift */,
				624FF820232B56EB00641DFD /* ProductosListaVC.swift */,
				62B266D923341E06001DC5A2 /* ProductosVentaVC.swift */,
				62FC219623669A0F0022690C /* ProductoCell.swift */,
				62FC21982366A0FC0022690C /* ProductoCompletoCell.swift */,
				620379392499BD8C00BAF5FA /* Producto.swift */,
			);
			path = Productos;
			sourceTree = "<group>";
		};
		62EADFCD232B21B200E49BA6 /* Ventas */ = {
			isa = PBXGroup;
			children = (
				62793FB322DE40B600D2323C /* VentaAgregarVC.swift */,
				621C6DD522DFEDB0003508EB /* VentasVC.swift */,
				62FC219423668BB90022690C /* VentaCell.swift */,
				626E685A24A1785900E8AC55 /* ProductoDescuentoVC.swift */,
				626E685E24A1BDDF00E8AC55 /* VentaProductoCell.swift */,
				6253F36924BA975A00137F76 /* DetalleDeCobroVC.swift */,
			);
			path = Ventas;
			sourceTree = "<group>";
		};
		72FC30D3CEE1E87C27B374F0 /* Pods */ = {
			isa = PBXGroup;
			children = (
				9A03C7916F3FFE42EBF51093 /* Pods-RonchStore.debug.xcconfig */,
				B6296FDDB1307AC2CEAB2F15 /* Pods-RonchStore.release.xcconfig */,
				E49E994DE35764D62FAC8EC0 /* Pods-RonchStoreTests.debug.xcconfig */,
				89E753627CFEEE535D2D18E5 /* Pods-RonchStoreTests.release.xcconfig */,
				CD06821E79536EC8195D54F0 /* Pods-RonchStoreUITests.debug.xcconfig */,
				ACCB5330A62E0F94DDCC0F57 /* Pods-RonchStoreUITests.release.xcconfig */,
			);
			path = Pods;
			sourceTree = "<group>";
		};
/* End PBXGroup section */

/* Begin PBXNativeTarget section */
		6235CA9722D586C00011A330 /* RonchStore */ = {
			isa = PBXNativeTarget;
			buildConfigurationList = 6235CAC022D586C10011A330 /* Build configuration list for PBXNativeTarget "RonchStore" */;
			buildPhases = (
				5C9EF0146B5769AA443EE465 /* [CP] Check Pods Manifest.lock */,
				6235CA9422D586C00011A330 /* Sources */,
				6235CA9522D586C00011A330 /* Frameworks */,
				6235CA9622D586C00011A330 /* Resources */,
				37D7503E44CC7FFC63C7CEB6 /* [CP] Embed Pods Frameworks */,
			);
			buildRules = (
			);
			dependencies = (
			);
			name = RonchStore;
			productName = RonchStore;
			productReference = 6235CA9822D586C00011A330 /* RonchStore.app */;
			productType = "com.apple.product-type.application";
		};
		6235CAAB22D586C10011A330 /* RonchStoreTests */ = {
			isa = PBXNativeTarget;
			buildConfigurationList = 6235CAC322D586C10011A330 /* Build configuration list for PBXNativeTarget "RonchStoreTests" */;
			buildPhases = (
				B8DCA5DFC84D7B437180CA9F /* [CP] Check Pods Manifest.lock */,
				6235CAA822D586C10011A330 /* Sources */,
				6235CAA922D586C10011A330 /* Frameworks */,
				6235CAAA22D586C10011A330 /* Resources */,
			);
			buildRules = (
			);
			dependencies = (
				6235CAAE22D586C10011A330 /* PBXTargetDependency */,
			);
			name = RonchStoreTests;
			productName = RonchStoreTests;
			productReference = 6235CAAC22D586C10011A330 /* RonchStoreTests.xctest */;
			productType = "com.apple.product-type.bundle.unit-test";
		};
		6235CAB622D586C10011A330 /* RonchStoreUITests */ = {
			isa = PBXNativeTarget;
			buildConfigurationList = 6235CAC622D586C10011A330 /* Build configuration list for PBXNativeTarget "RonchStoreUITests" */;
			buildPhases = (
				DF85CBE38CC59CBBF8905F9E /* [CP] Check Pods Manifest.lock */,
				6235CAB322D586C10011A330 /* Sources */,
				6235CAB422D586C10011A330 /* Frameworks */,
				6235CAB522D586C10011A330 /* Resources */,
			);
			buildRules = (
			);
			dependencies = (
				6235CAB922D586C10011A330 /* PBXTargetDependency */,
			);
			name = RonchStoreUITests;
			productName = RonchStoreUITests;
			productReference = 6235CAB722D586C10011A330 /* RonchStoreUITests.xctest */;
			productType = "com.apple.product-type.bundle.ui-testing";
		};
/* End PBXNativeTarget section */

/* Begin PBXProject section */
		6235CA9022D586C00011A330 /* Project object */ = {
			isa = PBXProject;
			attributes = {
				LastSwiftUpdateCheck = 1020;
				LastUpgradeCheck = 1020;
				ORGANIZATIONNAME = "Roberto Loaeza Valerio";
				TargetAttributes = {
					6235CA9722D586C00011A330 = {
						CreatedOnToolsVersion = 10.2.1;
					};
					6235CAAB22D586C10011A330 = {
						CreatedOnToolsVersion = 10.2.1;
						TestTargetID = 6235CA9722D586C00011A330;
					};
					6235CAB622D586C10011A330 = {
						CreatedOnToolsVersion = 10.2.1;
						TestTargetID = 6235CA9722D586C00011A330;
					};
				};
			};
			buildConfigurationList = 6235CA9322D586C00011A330 /* Build configuration list for PBXProject "RonchStore" */;
			compatibilityVersion = "Xcode 9.3";
			developmentRegion = en;
			hasScannedForEncodings = 0;
			knownRegions = (
				en,
				Base,
			);
			mainGroup = 6235CA8F22D586C00011A330;
			productRefGroup = 6235CA9922D586C00011A330 /* Products */;
			projectDirPath = "";
			projectRoot = "";
			targets = (
				6235CA9722D586C00011A330 /* RonchStore */,
				6235CAAB22D586C10011A330 /* RonchStoreTests */,
				6235CAB622D586C10011A330 /* RonchStoreUITests */,
			);
		};
/* End PBXProject section */

/* Begin PBXResourcesBuildPhase section */
		6235CA9622D586C00011A330 /* Resources */ = {
			isa = PBXResourcesBuildPhase;
			buildActionMask = 2147483647;
			files = (
				6235CAA622D586C10011A330 /* LaunchScreen.storyboard in Resources */,
				627CDF5022D824E40003EF15 /* GoogleService-Info.plist in Resources */,
				6235CAA322D586C10011A330 /* Assets.xcassets in Resources */,
				6235CAA122D586C00011A330 /* Main.storyboard in Resources */,
			);
			runOnlyForDeploymentPostprocessing = 0;
		};
		6235CAAA22D586C10011A330 /* Resources */ = {
			isa = PBXResourcesBuildPhase;
			buildActionMask = 2147483647;
			files = (
			);
			runOnlyForDeploymentPostprocessing = 0;
		};
		6235CAB522D586C10011A330 /* Resources */ = {
			isa = PBXResourcesBuildPhase;
			buildActionMask = 2147483647;
			files = (
			);
			runOnlyForDeploymentPostprocessing = 0;
		};
/* End PBXResourcesBuildPhase section */

/* Begin PBXShellScriptBuildPhase section */
		37D7503E44CC7FFC63C7CEB6 /* [CP] Embed Pods Frameworks */ = {
			isa = PBXShellScriptBuildPhase;
			buildActionMask = 2147483647;
			files = (
			);
			inputFileListPaths = (
				"${PODS_ROOT}/Target Support Files/Pods-RonchStore/Pods-RonchStore-frameworks-${CONFIGURATION}-input-files.xcfilelist",
			);
			name = "[CP] Embed Pods Frameworks";
			outputFileListPaths = (
				"${PODS_ROOT}/Target Support Files/Pods-RonchStore/Pods-RonchStore-frameworks-${CONFIGURATION}-output-files.xcfilelist",
			);
			runOnlyForDeploymentPostprocessing = 0;
			shellPath = /bin/sh;
			shellScript = "\"${PODS_ROOT}/Target Support Files/Pods-RonchStore/Pods-RonchStore-frameworks.sh\"\n";
			showEnvVarsInLog = 0;
		};
		5C9EF0146B5769AA443EE465 /* [CP] Check Pods Manifest.lock */ = {
			isa = PBXShellScriptBuildPhase;
			buildActionMask = 2147483647;
			files = (
			);
			inputFileListPaths = (
			);
			inputPaths = (
				"${PODS_PODFILE_DIR_PATH}/Podfile.lock",
				"${PODS_ROOT}/Manifest.lock",
			);
			name = "[CP] Check Pods Manifest.lock";
			outputFileListPaths = (
			);
			outputPaths = (
				"$(DERIVED_FILE_DIR)/Pods-RonchStore-checkManifestLockResult.txt",
			);
			runOnlyForDeploymentPostprocessing = 0;
			shellPath = /bin/sh;
			shellScript = "diff \"${PODS_PODFILE_DIR_PATH}/Podfile.lock\" \"${PODS_ROOT}/Manifest.lock\" > /dev/null\nif [ $? != 0 ] ; then\n    # print error to STDERR\n    echo \"error: The sandbox is not in sync with the Podfile.lock. Run 'pod install' or update your CocoaPods installation.\" >&2\n    exit 1\nfi\n# This output is used by Xcode 'outputs' to avoid re-running this script phase.\necho \"SUCCESS\" > \"${SCRIPT_OUTPUT_FILE_0}\"\n";
			showEnvVarsInLog = 0;
		};
		B8DCA5DFC84D7B437180CA9F /* [CP] Check Pods Manifest.lock */ = {
			isa = PBXShellScriptBuildPhase;
			buildActionMask = 2147483647;
			files = (
			);
			inputFileListPaths = (
			);
			inputPaths = (
				"${PODS_PODFILE_DIR_PATH}/Podfile.lock",
				"${PODS_ROOT}/Manifest.lock",
			);
			name = "[CP] Check Pods Manifest.lock";
			outputFileListPaths = (
			);
			outputPaths = (
				"$(DERIVED_FILE_DIR)/Pods-RonchStoreTests-checkManifestLockResult.txt",
			);
			runOnlyForDeploymentPostprocessing = 0;
			shellPath = /bin/sh;
			shellScript = "diff \"${PODS_PODFILE_DIR_PATH}/Podfile.lock\" \"${PODS_ROOT}/Manifest.lock\" > /dev/null\nif [ $? != 0 ] ; then\n    # print error to STDERR\n    echo \"error: The sandbox is not in sync with the Podfile.lock. Run 'pod install' or update your CocoaPods installation.\" >&2\n    exit 1\nfi\n# This output is used by Xcode 'outputs' to avoid re-running this script phase.\necho \"SUCCESS\" > \"${SCRIPT_OUTPUT_FILE_0}\"\n";
			showEnvVarsInLog = 0;
		};
		DF85CBE38CC59CBBF8905F9E /* [CP] Check Pods Manifest.lock */ = {
			isa = PBXShellScriptBuildPhase;
			buildActionMask = 2147483647;
			files = (
			);
			inputFileListPaths = (
			);
			inputPaths = (
				"${PODS_PODFILE_DIR_PATH}/Podfile.lock",
				"${PODS_ROOT}/Manifest.lock",
			);
			name = "[CP] Check Pods Manifest.lock";
			outputFileListPaths = (
			);
			outputPaths = (
				"$(DERIVED_FILE_DIR)/Pods-RonchStoreUITests-checkManifestLockResult.txt",
			);
			runOnlyForDeploymentPostprocessing = 0;
			shellPath = /bin/sh;
			shellScript = "diff \"${PODS_PODFILE_DIR_PATH}/Podfile.lock\" \"${PODS_ROOT}/Manifest.lock\" > /dev/null\nif [ $? != 0 ] ; then\n    # print error to STDERR\n    echo \"error: The sandbox is not in sync with the Podfile.lock. Run 'pod install' or update your CocoaPods installation.\" >&2\n    exit 1\nfi\n# This output is used by Xcode 'outputs' to avoid re-running this script phase.\necho \"SUCCESS\" > \"${SCRIPT_OUTPUT_FILE_0}\"\n";
			showEnvVarsInLog = 0;
		};
/* End PBXShellScriptBuildPhase section */

/* Begin PBXSourcesBuildPhase section */
		6235CA9422D586C00011A330 /* Sources */ = {
			isa = PBXSourcesBuildPhase;
			buildActionMask = 2147483647;
			files = (
				627CDF4E22D820B10003EF15 /* InicioSesionVC.swift in Sources */,
				62E64AB92373601700DC7C2D /* ListasVC.swift in Sources */,
				6235CA9C22D586C00011A330 /* AppDelegate.swift in Sources */,
				62A5D9BB233496CF00A58A6F /* ClienteUbicacionVC.swift in Sources */,
				6275292222DE0B9B002C480C /* ProductosVC.swift in Sources */,
				628E2D3F24536AC4000EDF93 /* ReportesVC.swift in Sources */,
				62FC21992366A0FC0022690C /* ProductoCompletoCell.swift in Sources */,
				6271EF9623711EB700BCA3AE /* Datos.swift in Sources */,
				626FFB05232A9A1E00A445DA /* TallaVC.swift in Sources */,
				62197CF922E15439007F6F7F /* PedidoAgregarVC.swift in Sources */,
				62A1727E2497E21000CCA9DA /* MapaVC.swift in Sources */,
				621C6DD622DFEDB0003508EB /* VentasVC.swift in Sources */,
				62FC219523668BB90022690C /* VentaCell.swift in Sources */,
				625579BF2326D765003EB955 /* MarcaVC.swift in Sources */,
				62B266DA23341E06001DC5A2 /* ProductosVentaVC.swift in Sources */,
				62197CFD22E17637007F6F7F /* Mensajes.swift in Sources */,
				627E259A24B03CD300A36147 /* Alerta.swift in Sources */,
				6296ECEB2461DEC200A7F597 /* GastoVC.swift in Sources */,
				62A5D9B72334740C00A58A6F /* UsuariosVC.swift in Sources */,
				626CDFA2233287D7006687DF /* PagosListaVC.swift in Sources */,
				6283B51524A701E600C421E7 /* PagoNuevoVC.swift in Sources */,
				626E685F24A1BDDF00E8AC55 /* VentaProductoCell.swift in Sources */,
				62EADFC9232B177100E49BA6 /* ClienteVC.swift in Sources */,
				628A229524818FAA008E23B0 /* Contacto.swift in Sources */,
				6203793A2499BD8C00BAF5FA /* Producto.swift in Sources */,
				6253F36A24BA975A00137F76 /* DetalleDeCobroVC.swift in Sources */,
				622FCA1922D84486000B4239 /* ClienteAgregarVC.swift in Sources */,
				62793FB422DE40B600D2323C /* VentaAgregarVC.swift in Sources */,
				62A5D9B923348CE000A58A6F /* VentasListadoCobradorVC.swift in Sources */,
				62197CFB22E15F40007F6F7F /* PedidosVC.swift in Sources */,
				6263986522DAE0A90080C243 /* ClientesVC.swift in Sources */,
				6216E38F24B3306E0085EC70 /* Funciones.swift in Sources */,
				626FFB07232ADF2F00A445DA /* CategoriaVC.swift in Sources */,
				62CC2AF322E97F220042BE2D /* Mapas.swift in Sources */,
				621C6DDE22E0C382003508EB /* Configuraciones.swift in Sources */,
				6275292022DE0342002C480C /* ProductoAgregarVC.swift in Sources */,
				62E5B32A22E2D9180080A4A0 /* TextFieldDeletage.swift in Sources */,
				624FF821232B56EB00641DFD /* ProductosListaVC.swift in Sources */,
				628A229B248190A5008E23B0 /* ClienteContactosSistemaVC.swift in Sources */,
				62FC219723669A0F0022690C /* ProductoCell.swift in Sources */,
				62B47A5C24AED7F7009666DD /* Theme.swift in Sources */,
				623A7E7424996E6600001572 /* DetallesProductoListaVC.swift in Sources */,
				6214753D236AA18D008D4338 /* Connection.swift in Sources */,
				62E64ABB2373662E00DC7C2D /* ListaAgregarVC.swift in Sources */,
				621C6DDC22DFFB88003508EB /* VentaAgregarPagoVC.swift in Sources */,
				6258221B24AD86A600857EB0 /* PagoCell.swift in Sources */,
				626E685B24A1785900E8AC55 /* ProductoDescuentoVC.swift in Sources */,
			);
			runOnlyForDeploymentPostprocessing = 0;
		};
		6235CAA822D586C10011A330 /* Sources */ = {
			isa = PBXSourcesBuildPhase;
			buildActionMask = 2147483647;
			files = (
				6235CAB122D586C10011A330 /* RonchStoreTests.swift in Sources */,
			);
			runOnlyForDeploymentPostprocessing = 0;
		};
		6235CAB322D586C10011A330 /* Sources */ = {
			isa = PBXSourcesBuildPhase;
			buildActionMask = 2147483647;
			files = (
				6235CABC22D586C10011A330 /* RonchStoreUITests.swift in Sources */,
			);
			runOnlyForDeploymentPostprocessing = 0;
		};
/* End PBXSourcesBuildPhase section */

/* Begin PBXTargetDependency section */
		6235CAAE22D586C10011A330 /* PBXTargetDependency */ = {
			isa = PBXTargetDependency;
			target = 6235CA9722D586C00011A330 /* RonchStore */;
			targetProxy = 6235CAAD22D586C10011A330 /* PBXContainerItemProxy */;
		};
		6235CAB922D586C10011A330 /* PBXTargetDependency */ = {
			isa = PBXTargetDependency;
			target = 6235CA9722D586C00011A330 /* RonchStore */;
			targetProxy = 6235CAB822D586C10011A330 /* PBXContainerItemProxy */;
		};
/* End PBXTargetDependency section */

/* Begin PBXVariantGroup section */
		6235CA9F22D586C00011A330 /* Main.storyboard */ = {
			isa = PBXVariantGroup;
			children = (
				6235CAA022D586C00011A330 /* Base */,
			);
			name = Main.storyboard;
			sourceTree = "<group>";
		};
		6235CAA422D586C10011A330 /* LaunchScreen.storyboard */ = {
			isa = PBXVariantGroup;
			children = (
				6235CAA522D586C10011A330 /* Base */,
			);
			name = LaunchScreen.storyboard;
			sourceTree = "<group>";
		};
/* End PBXVariantGroup section */

/* Begin XCBuildConfiguration section */
		6235CABE22D586C10011A330 /* Debug */ = {
			isa = XCBuildConfiguration;
			buildSettings = {
				ALWAYS_SEARCH_USER_PATHS = NO;
				CLANG_ANALYZER_NONNULL = YES;
				CLANG_ANALYZER_NUMBER_OBJECT_CONVERSION = YES_AGGRESSIVE;
				CLANG_CXX_LANGUAGE_STANDARD = "gnu++14";
				CLANG_CXX_LIBRARY = "libc++";
				CLANG_ENABLE_MODULES = YES;
				CLANG_ENABLE_OBJC_ARC = YES;
				CLANG_ENABLE_OBJC_WEAK = YES;
				CLANG_WARN_BLOCK_CAPTURE_AUTORELEASING = YES;
				CLANG_WARN_BOOL_CONVERSION = YES;
				CLANG_WARN_COMMA = YES;
				CLANG_WARN_CONSTANT_CONVERSION = YES;
				CLANG_WARN_DEPRECATED_OBJC_IMPLEMENTATIONS = YES;
				CLANG_WARN_DIRECT_OBJC_ISA_USAGE = YES_ERROR;
				CLANG_WARN_DOCUMENTATION_COMMENTS = YES;
				CLANG_WARN_EMPTY_BODY = YES;
				CLANG_WARN_ENUM_CONVERSION = YES;
				CLANG_WARN_INFINITE_RECURSION = YES;
				CLANG_WARN_INT_CONVERSION = YES;
				CLANG_WARN_NON_LITERAL_NULL_CONVERSION = YES;
				CLANG_WARN_OBJC_IMPLICIT_RETAIN_SELF = YES;
				CLANG_WARN_OBJC_LITERAL_CONVERSION = YES;
				CLANG_WARN_OBJC_ROOT_CLASS = YES_ERROR;
				CLANG_WARN_RANGE_LOOP_ANALYSIS = YES;
				CLANG_WARN_STRICT_PROTOTYPES = YES;
				CLANG_WARN_SUSPICIOUS_MOVE = YES;
				CLANG_WARN_UNGUARDED_AVAILABILITY = YES_AGGRESSIVE;
				CLANG_WARN_UNREACHABLE_CODE = YES;
				CLANG_WARN__DUPLICATE_METHOD_MATCH = YES;
				CODE_SIGN_IDENTITY = "iPhone Developer";
				COPY_PHASE_STRIP = NO;
				DEBUG_INFORMATION_FORMAT = dwarf;
				ENABLE_STRICT_OBJC_MSGSEND = YES;
				ENABLE_TESTABILITY = YES;
				GCC_C_LANGUAGE_STANDARD = gnu11;
				GCC_DYNAMIC_NO_PIC = NO;
				GCC_NO_COMMON_BLOCKS = YES;
				GCC_OPTIMIZATION_LEVEL = 0;
				GCC_PREPROCESSOR_DEFINITIONS = (
					"DEBUG=1",
					"$(inherited)",
				);
				GCC_WARN_64_TO_32_BIT_CONVERSION = YES;
				GCC_WARN_ABOUT_RETURN_TYPE = YES_ERROR;
				GCC_WARN_UNDECLARED_SELECTOR = YES;
				GCC_WARN_UNINITIALIZED_AUTOS = YES_AGGRESSIVE;
				GCC_WARN_UNUSED_FUNCTION = YES;
				GCC_WARN_UNUSED_VARIABLE = YES;
				IPHONEOS_DEPLOYMENT_TARGET = 12.3;
				MTL_ENABLE_DEBUG_INFO = INCLUDE_SOURCE;
				MTL_FAST_MATH = YES;
				ONLY_ACTIVE_ARCH = YES;
				SDKROOT = iphoneos;
				SWIFT_ACTIVE_COMPILATION_CONDITIONS = DEBUG;
				SWIFT_OPTIMIZATION_LEVEL = "-Onone";
			};
			name = Debug;
		};
		6235CABF22D586C10011A330 /* Release */ = {
			isa = XCBuildConfiguration;
			buildSettings = {
				ALWAYS_SEARCH_USER_PATHS = NO;
				CLANG_ANALYZER_NONNULL = YES;
				CLANG_ANALYZER_NUMBER_OBJECT_CONVERSION = YES_AGGRESSIVE;
				CLANG_CXX_LANGUAGE_STANDARD = "gnu++14";
				CLANG_CXX_LIBRARY = "libc++";
				CLANG_ENABLE_MODULES = YES;
				CLANG_ENABLE_OBJC_ARC = YES;
				CLANG_ENABLE_OBJC_WEAK = YES;
				CLANG_WARN_BLOCK_CAPTURE_AUTORELEASING = YES;
				CLANG_WARN_BOOL_CONVERSION = YES;
				CLANG_WARN_COMMA = YES;
				CLANG_WARN_CONSTANT_CONVERSION = YES;
				CLANG_WARN_DEPRECATED_OBJC_IMPLEMENTATIONS = YES;
				CLANG_WARN_DIRECT_OBJC_ISA_USAGE = YES_ERROR;
				CLANG_WARN_DOCUMENTATION_COMMENTS = YES;
				CLANG_WARN_EMPTY_BODY = YES;
				CLANG_WARN_ENUM_CONVERSION = YES;
				CLANG_WARN_INFINITE_RECURSION = YES;
				CLANG_WARN_INT_CONVERSION = YES;
				CLANG_WARN_NON_LITERAL_NULL_CONVERSION = YES;
				CLANG_WARN_OBJC_IMPLICIT_RETAIN_SELF = YES;
				CLANG_WARN_OBJC_LITERAL_CONVERSION = YES;
				CLANG_WARN_OBJC_ROOT_CLASS = YES_ERROR;
				CLANG_WARN_RANGE_LOOP_ANALYSIS = YES;
				CLANG_WARN_STRICT_PROTOTYPES = YES;
				CLANG_WARN_SUSPICIOUS_MOVE = YES;
				CLANG_WARN_UNGUARDED_AVAILABILITY = YES_AGGRESSIVE;
				CLANG_WARN_UNREACHABLE_CODE = YES;
				CLANG_WARN__DUPLICATE_METHOD_MATCH = YES;
				CODE_SIGN_IDENTITY = "iPhone Developer";
				COPY_PHASE_STRIP = NO;
				DEBUG_INFORMATION_FORMAT = "dwarf-with-dsym";
				ENABLE_NS_ASSERTIONS = NO;
				ENABLE_STRICT_OBJC_MSGSEND = YES;
				GCC_C_LANGUAGE_STANDARD = gnu11;
				GCC_NO_COMMON_BLOCKS = YES;
				GCC_WARN_64_TO_32_BIT_CONVERSION = YES;
				GCC_WARN_ABOUT_RETURN_TYPE = YES_ERROR;
				GCC_WARN_UNDECLARED_SELECTOR = YES;
				GCC_WARN_UNINITIALIZED_AUTOS = YES_AGGRESSIVE;
				GCC_WARN_UNUSED_FUNCTION = YES;
				GCC_WARN_UNUSED_VARIABLE = YES;
				IPHONEOS_DEPLOYMENT_TARGET = 12.3;
				MTL_ENABLE_DEBUG_INFO = NO;
				MTL_FAST_MATH = YES;
				SDKROOT = iphoneos;
				SWIFT_COMPILATION_MODE = wholemodule;
				SWIFT_OPTIMIZATION_LEVEL = "-O";
				VALIDATE_PRODUCT = YES;
			};
			name = Release;
		};
		6235CAC122D586C10011A330 /* Debug */ = {
			isa = XCBuildConfiguration;
			baseConfigurationReference = 9A03C7916F3FFE42EBF51093 /* Pods-RonchStore.debug.xcconfig */;
			buildSettings = {
				ASSETCATALOG_COMPILER_APPICON_NAME = AppIcon;
				CODE_SIGN_IDENTITY = "Apple Development";
				CODE_SIGN_STYLE = Automatic;
				DEVELOPMENT_TEAM = M7Y52ZL7CS;
				INFOPLIST_FILE = RonchStore/Info.plist;
				IPHONEOS_DEPLOYMENT_TARGET = 12.3;
				LD_RUNPATH_SEARCH_PATHS = (
					"$(inherited)",
					"@executable_path/Frameworks",
				);
				PRODUCT_BUNDLE_IDENTIFIER = "mas-aplicaciones.com.RonchStore";
				PRODUCT_NAME = "$(TARGET_NAME)";
				PROVISIONING_PROFILE_SPECIFIER = "";
				SWIFT_VERSION = 5.0;
				TARGETED_DEVICE_FAMILY = "1,2";
			};
			name = Debug;
		};
		6235CAC222D586C10011A330 /* Release */ = {
			isa = XCBuildConfiguration;
			baseConfigurationReference = B6296FDDB1307AC2CEAB2F15 /* Pods-RonchStore.release.xcconfig */;
			buildSettings = {
				ASSETCATALOG_COMPILER_APPICON_NAME = AppIcon;
				CODE_SIGN_IDENTITY = "Apple Development";
				CODE_SIGN_STYLE = Automatic;
				DEVELOPMENT_TEAM = M7Y52ZL7CS;
				INFOPLIST_FILE = RonchStore/Info.plist;
				IPHONEOS_DEPLOYMENT_TARGET = 12.3;
				LD_RUNPATH_SEARCH_PATHS = (
					"$(inherited)",
					"@executable_path/Frameworks",
				);
				PRODUCT_BUNDLE_IDENTIFIER = "mas-aplicaciones.com.RonchStore";
				PRODUCT_NAME = "$(TARGET_NAME)";
				PROVISIONING_PROFILE_SPECIFIER = "";
				SWIFT_VERSION = 5.0;
				TARGETED_DEVICE_FAMILY = "1,2";
			};
			name = Release;
		};
		6235CAC422D586C10011A330 /* Debug */ = {
			isa = XCBuildConfiguration;
			baseConfigurationReference = E49E994DE35764D62FAC8EC0 /* Pods-RonchStoreTests.debug.xcconfig */;
			buildSettings = {
				ALWAYS_EMBED_SWIFT_STANDARD_LIBRARIES = YES;
				BUNDLE_LOADER = "$(TEST_HOST)";
				CODE_SIGN_STYLE = Automatic;
				DEVELOPMENT_TEAM = M7Y52ZL7CS;
				INFOPLIST_FILE = RonchStoreTests/Info.plist;
				LD_RUNPATH_SEARCH_PATHS = (
					"$(inherited)",
					"@executable_path/Frameworks",
					"@loader_path/Frameworks",
				);
				PRODUCT_BUNDLE_IDENTIFIER = "mas-aplicaciones.com.RonchStoreTests";
				PRODUCT_NAME = "$(TARGET_NAME)";
				SWIFT_VERSION = 5.0;
				TARGETED_DEVICE_FAMILY = "1,2";
				TEST_HOST = "$(BUILT_PRODUCTS_DIR)/RonchStore.app/RonchStore";
			};
			name = Debug;
		};
		6235CAC522D586C10011A330 /* Release */ = {
			isa = XCBuildConfiguration;
			baseConfigurationReference = 89E753627CFEEE535D2D18E5 /* Pods-RonchStoreTests.release.xcconfig */;
			buildSettings = {
				ALWAYS_EMBED_SWIFT_STANDARD_LIBRARIES = YES;
				BUNDLE_LOADER = "$(TEST_HOST)";
				CODE_SIGN_STYLE = Automatic;
				DEVELOPMENT_TEAM = M7Y52ZL7CS;
				INFOPLIST_FILE = RonchStoreTests/Info.plist;
				LD_RUNPATH_SEARCH_PATHS = (
					"$(inherited)",
					"@executable_path/Frameworks",
					"@loader_path/Frameworks",
				);
				PRODUCT_BUNDLE_IDENTIFIER = "mas-aplicaciones.com.RonchStoreTests";
				PRODUCT_NAME = "$(TARGET_NAME)";
				SWIFT_VERSION = 5.0;
				TARGETED_DEVICE_FAMILY = "1,2";
				TEST_HOST = "$(BUILT_PRODUCTS_DIR)/RonchStore.app/RonchStore";
			};
			name = Release;
		};
		6235CAC722D586C10011A330 /* Debug */ = {
			isa = XCBuildConfiguration;
			baseConfigurationReference = CD06821E79536EC8195D54F0 /* Pods-RonchStoreUITests.debug.xcconfig */;
			buildSettings = {
				ALWAYS_EMBED_SWIFT_STANDARD_LIBRARIES = YES;
				CODE_SIGN_STYLE = Automatic;
				DEVELOPMENT_TEAM = M7Y52ZL7CS;
				INFOPLIST_FILE = RonchStoreUITests/Info.plist;
				LD_RUNPATH_SEARCH_PATHS = (
					"$(inherited)",
					"@executable_path/Frameworks",
					"@loader_path/Frameworks",
				);
				PRODUCT_BUNDLE_IDENTIFIER = "mas-aplicaciones.com.RonchStoreUITests";
				PRODUCT_NAME = "$(TARGET_NAME)";
				SWIFT_VERSION = 5.0;
				TARGETED_DEVICE_FAMILY = "1,2";
				TEST_TARGET_NAME = RonchStore;
			};
			name = Debug;
		};
		6235CAC822D586C10011A330 /* Release */ = {
			isa = XCBuildConfiguration;
			baseConfigurationReference = ACCB5330A62E0F94DDCC0F57 /* Pods-RonchStoreUITests.release.xcconfig */;
			buildSettings = {
				ALWAYS_EMBED_SWIFT_STANDARD_LIBRARIES = YES;
				CODE_SIGN_STYLE = Automatic;
				DEVELOPMENT_TEAM = M7Y52ZL7CS;
				INFOPLIST_FILE = RonchStoreUITests/Info.plist;
				LD_RUNPATH_SEARCH_PATHS = (
					"$(inherited)",
					"@executable_path/Frameworks",
					"@loader_path/Frameworks",
				);
				PRODUCT_BUNDLE_IDENTIFIER = "mas-aplicaciones.com.RonchStoreUITests";
				PRODUCT_NAME = "$(TARGET_NAME)";
				SWIFT_VERSION = 5.0;
				TARGETED_DEVICE_FAMILY = "1,2";
				TEST_TARGET_NAME = RonchStore;
			};
			name = Release;
		};
/* End XCBuildConfiguration section */

/* Begin XCConfigurationList section */
		6235CA9322D586C00011A330 /* Build configuration list for PBXProject "RonchStore" */ = {
			isa = XCConfigurationList;
			buildConfigurations = (
				6235CABE22D586C10011A330 /* Debug */,
				6235CABF22D586C10011A330 /* Release */,
			);
			defaultConfigurationIsVisible = 0;
			defaultConfigurationName = Release;
		};
		6235CAC022D586C10011A330 /* Build configuration list for PBXNativeTarget "RonchStore" */ = {
			isa = XCConfigurationList;
			buildConfigurations = (
				6235CAC122D586C10011A330 /* Debug */,
				6235CAC222D586C10011A330 /* Release */,
			);
			defaultConfigurationIsVisible = 0;
			defaultConfigurationName = Release;
		};
		6235CAC322D586C10011A330 /* Build configuration list for PBXNativeTarget "RonchStoreTests" */ = {
			isa = XCConfigurationList;
			buildConfigurations = (
				6235CAC422D586C10011A330 /* Debug */,
				6235CAC522D586C10011A330 /* Release */,
			);
			defaultConfigurationIsVisible = 0;
			defaultConfigurationName = Release;
		};
		6235CAC622D586C10011A330 /* Build configuration list for PBXNativeTarget "RonchStoreUITests" */ = {
			isa = XCConfigurationList;
			buildConfigurations = (
				6235CAC722D586C10011A330 /* Debug */,
				6235CAC822D586C10011A330 /* Release */,
			);
			defaultConfigurationIsVisible = 0;
			defaultConfigurationName = Release;
		};
/* End XCConfigurationList section */
	};
	rootObject = 6235CA9022D586C00011A330 /* Project object */;
}
